{
  "name": "vis3d",
  "lockfileVersion": 3,
  "requires": true,
  "packages": {
    "": {
      "dependencies": {
        "vis3d": "^1.1.8"
      }
    },
    "node_modules/vis3d": {
      "version": "1.1.8",
      "resolved": "https://registry.npmmirror.com/vis3d/-/vis3d-1.1.8.tgz",
      "integrity": "sha512-Pmb/L+x0ckDBLywAbrK1YDzSe2DWzyP1bVCVPBiG9O3Mb7LUtLU4T4Xcld4gL99SPmRfIOj8Uf0jp0n/cRaBoA=="
    }
  }
}
